{
  "name": "@multiplayer-app/session-recorder",
  "version": "2.0.18",
  "lockfileVersion": 3,
  "requires": true,
  "packages": {
    "": {
      "name": "@multiplayer-app/session-recorder",
      "version": "2.0.18",
      "hasInstallScript": true,
      "dependencies": {
        "eslint": "9.30.1"
      },
      "devDependencies": {
        "@eslint/js": "^9.0.0",
        "@typescript-eslint/eslint-plugin": "^8.0.0",
        "@typescript-eslint/parser": "^8.0.0"
      }
    },
    "node_modules/@eslint-community/eslint-utils": {
      "version": "4.9.0",
      "license": "MIT",
      "dependencies": {
        "eslint-visitor-keys": "^3.4.3"
      },
      "engines": {
        "node": "^12.22.0 || ^14.17.0 || >=16.0.0"
      },
      "funding": {
        "url": "https://opencollective.com/eslint"
      },
      "peerDependencies": {
        "eslint": "^6.0.0 || ^7.0.0 || >=8.0.0"
      }
    },
    "node_modules/@eslint-community/eslint-utils/node_modules/eslint-visitor-keys": {
      "version": "3.4.3",
      "license": "Apache-2.0",
      "engines": {
        "node": "^12.22.0 || ^14.17.0 || >=16.0.0"
      },
      "funding": {
        "url": "https://opencollective.com/eslint"
      }
    },
    "node_modules/@eslint-community/regexpp": {
      "version": "4.12.1",
      "license": "MIT",
      "engines": {
        "node": "^12.0.0 || ^14.0.0 || >=16.0.0"
      }
    },
    "node_modules/@eslint/config-array": {
      "version": "0.21.1",
      "license": "Apache-2.0",
      "dependencies": {
        "@eslint/object-schema": "^2.1.7",
        "debug": "^4.3.1",
        "minimatch": "^3.1.2"
      },
      "engines": {
        "node": "^18.18.0 || ^20.9.0 || >=21.1.0"
      }
    },
    "node_modules/@eslint/config-helpers": {
      "version": "0.3.1",
      "license": "Apache-2.0",
      "engines": {
        "node": "^18.18.0 || ^20.9.0 || >=21.1.0"
      }
    },
    "node_modules/@eslint/core": {
      "version": "0.15.2",
      "license": "Apache-2.0",
      "dependencies": {
        "@types/json-schema": "^7.0.15"
      },
      "engines": {
        "node": "^18.18.0 || ^20.9.0 || >=21.1.0"
      }
    },
    "node_modules/@eslint/eslintrc": {
      "version": "3.3.1",
      "license": "MIT",
      "dependencies": {
        "ajv": "^6.12.4",
        "debug": "^4.3.2",
        "espree": "^10.0.1",
        "globals": "^14.0.0",
        "ignore": "^5.2.0",
        "import-fresh": "^3.2.1",
        "js-yaml": "^4.1.0",
        "minimatch": "^3.1.2",
        "strip-json-comments": "^3.1.1"
      },
      "engines": {
        "node": "^18.18.0 || ^20.9.0 || >=21.1.0"
      },
      "funding": {
        "url": "https://opencollective.com/eslint"
      }
    },
    "node_modules/@eslint/js": {
      "version": "9.38.0",
      "dev": true,
      "license": "MIT",
      "engines": {
        "node": "^18.18.0 || ^20.9.0 || >=21.1.0"
      },
      "funding": {
        "url": "https://eslint.org/donate"
      }
    },
    "node_modules/@eslint/object-schema": {
      "version": "2.1.7",
      "license": "Apache-2.0",
      "engines": {
        "node": "^18.18.0 || ^20.9.0 || >=21.1.0"
      }
    },
    "node_modules/@eslint/plugin-kit": {
      "version": "0.3.5",
      "license": "Apache-2.0",
      "dependencies": {
        "@eslint/core": "^0.15.2",
        "levn": "^0.4.1"
      },
      "engines": {
        "node": "^18.18.0 || ^20.9.0 || >=21.1.0"
      }
    },
    "node_modules/@humanfs/core": {
      "version": "0.19.1",
      "license": "Apache-2.0",
      "engines": {
        "node": ">=18.18.0"
      }
    },
    "node_modules/@humanfs/node": {
      "version": "0.16.6",
      "license": "Apache-2.0",
      "dependencies": {
        "@humanfs/core": "^0.19.1",
        "@humanwhocodes/retry": "^0.3.0"
      },
      "engines": {
        "node": ">=18.18.0"
      }
    },
    "node_modules/@humanfs/node/node_modules/@humanwhocodes/retry": {
      "version": "0.3.1",
      "license": "Apache-2.0",
      "engines": {
        "node": ">=18.18"
      },
      "funding": {
        "type": "github",
        "url": "https://github.com/sponsors/nzakas"
      }
    },
    "node_modules/@humanwhocodes/module-importer": {
      "version": "1.0.1",
      "license": "Apache-2.0",
      "engines": {
        "node": ">=12.22"
      },
      "funding": {
        "type": "github",
        "url": "https://github.com/sponsors/nzakas"
      }
    },
    "node_modules/@humanwhocodes/retry": {
      "version": "0.4.3",
      "license": "Apache-2.0",
      "engines": {
        "node": ">=18.18"
      },
      "funding": {
        "type": "github",
        "url": "https://github.com/sponsors/nzakas"
      }
    },
    "node_modules/@nodelib/fs.scandir": {
      "version": "2.1.5",
      "dev": true,
      "license": "MIT",
      "dependencies": {
        "@nodelib/fs.stat": "2.0.5",
        "run-parallel": "^1.1.9"
      },
      "engines": {
        "node": ">= 8"
      }
    },
    "node_modules/@nodelib/fs.stat": {
      "version": "2.0.5",
      "dev": true,
      "license": "MIT",
      "engines": {
        "node": ">= 8"
      }
    },
    "node_modules/@nodelib/fs.walk": {
      "version": "1.2.8",
      "dev": true,
      "license": "MIT",
      "dependencies": {
        "@nodelib/fs.scandir": "2.1.5",
        "fastq": "^1.6.0"
      },
      "engines": {
        "node": ">= 8"
      }
    },
    "node_modules/@types/estree": {
      "version": "1.0.8",
      "license": "MIT"
    },
    "node_modules/@types/json-schema": {
      "version": "7.0.15",
      "license": "MIT"
    },
    "node_modules/@typescript-eslint/eslint-plugin": {
      "version": "8.40.0",
      "dev": true,
      "license": "MIT",
      "dependencies": {
        "@eslint-community/regexpp": "^4.10.0",
        "@typescript-eslint/scope-manager": "8.40.0",
        "@typescript-eslint/type-utils": "8.40.0",
        "@typescript-eslint/utils": "8.40.0",
        "@typescript-eslint/visitor-keys": "8.40.0",
        "graphemer": "^1.4.0",
        "ignore": "^7.0.0",
        "natural-compare": "^1.4.0",
        "ts-api-utils": "^2.1.0"
      },
      "engines": {
        "node": "^18.18.0 || ^20.9.0 || >=21.1.0"
      },
      "funding": {
        "type": "opencollective",
        "url": "https://opencollective.com/typescript-eslint"
      },
      "peerDependencies": {
        "@typescript-eslint/parser": "^8.40.0",
        "eslint": "^8.57.0 || ^9.0.0",
        "typescript": ">=4.8.4 <6.0.0"
      }
    },
    "node_modules/@typescript-eslint/eslint-plugin/node_modules/ignore": {
      "version": "7.0.5",
      "dev": true,
      "license": "MIT",
      "engines": {
        "node": ">= 4"
      }
    },
    "node_modules/@typescript-eslint/parser": {
      "version": "8.40.0",
      "dev": true,
      "license": "MIT",
      "dependencies": {
        "@typescript-eslint/scope-manager": "8.40.0",
        "@typescript-eslint/types": "8.40.0",
        "@typescript-eslint/typescript-estree": "8.40.0",
        "@typescript-eslint/visitor-keys": "8.40.0",
        "debug": "^4.3.4"
      },
      "engines": {
        "node": "^18.18.0 || ^20.9.0 || >=21.1.0"
      },
      "funding": {
        "type": "opencollective",
        "url": "https://opencollective.com/typescript-eslint"
      },
      "peerDependencies": {
        "eslint": "^8.57.0 || ^9.0.0",
        "typescript": ">=4.8.4 <6.0.0"
      }
    },
    "node_modules/@typescript-eslint/project-service": {
      "version": "8.40.0",
      "dev": true,
      "license": "MIT",
      "dependencies": {
        "@typescript-eslint/tsconfig-utils": "^8.40.0",
        "@typescript-eslint/types": "^8.40.0",
        "debug": "^4.3.4"
      },
      "engines": {
        "node": "^18.18.0 || ^20.9.0 || >=21.1.0"
      },
      "funding": {
        "type": "opencollective",
        "url": "https://opencollective.com/typescript-eslint"
      },
      "peerDependencies": {
        "typescript": ">=4.8.4 <6.0.0"
      }
    },
    "node_modules/@typescript-eslint/scope-manager": {
      "version": "8.40.0",
      "dev": true,
      "license": "MIT",
      "dependencies": {
        "@typescript-eslint/types": "8.40.0",
        "@typescript-eslint/visitor-keys": "8.40.0"
      },
      "engines": {
        "node": "^18.18.0 || ^20.9.0 || >=21.1.0"
      },
      "funding": {
        "type": "opencollective",
        "url": "https://opencollective.com/typescript-eslint"
      }
    },
    "node_modules/@typescript-eslint/tsconfig-utils": {
      "version": "8.40.0",
      "dev": true,
      "license": "MIT",
      "engines": {
        "node": "^18.18.0 || ^20.9.0 || >=21.1.0"
      },
      "funding": {
        "type": "opencollective",
        "url": "https://opencollective.com/typescript-eslint"
      },
      "peerDependencies": {
        "typescript": ">=4.8.4 <6.0.0"
      }
    },
    "node_modules/@typescript-eslint/type-utils": {
      "version": "8.40.0",
      "dev": true,
      "license": "MIT",
      "dependencies": {
        "@typescript-eslint/types": "8.40.0",
        "@typescript-eslint/typescript-estree": "8.40.0",
        "@typescript-eslint/utils": "8.40.0",
        "debug": "^4.3.4",
        "ts-api-utils": "^2.1.0"
      },
      "engines": {
        "node": "^18.18.0 || ^20.9.0 || >=21.1.0"
      },
      "funding": {
        "type": "opencollective",
        "url": "https://opencollective.com/typescript-eslint"
      },
      "peerDependencies": {
        "eslint": "^8.57.0 || ^9.0.0",
        "typescript": ">=4.8.4 <6.0.0"
      }
    },
    "node_modules/@typescript-eslint/types": {
      "version": "8.40.0",
      "dev": true,
      "license": "MIT",
      "engines": {
        "node": "^18.18.0 || ^20.9.0 || >=21.1.0"
      },
      "funding": {
        "type": "opencollective",
        "url": "https://opencollective.com/typescript-eslint"
      }
    },
    "node_modules/@typescript-eslint/typescript-estree": {
      "version": "8.40.0",
      "dev": true,
      "license": "MIT",
      "dependencies": {
        "@typescript-eslint/project-service": "8.40.0",
        "@typescript-eslint/tsconfig-utils": "8.40.0",
        "@typescript-eslint/types": "8.40.0",
        "@typescript-eslint/visitor-keys": "8.40.0",
        "debug": "^4.3.4",
        "fast-glob": "^3.3.2",
        "is-glob": "^4.0.3",
        "minimatch": "^9.0.4",
        "semver": "^7.6.0",
        "ts-api-utils": "^2.1.0"
      },
      "engines": {
        "node": "^18.18.0 || ^20.9.0 || >=21.1.0"
      },
      "funding": {
        "type": "opencollective",
        "url": "https://opencollective.com/typescript-eslint"
      },
      "peerDependencies": {
        "typescript": ">=4.8.4 <6.0.0"
      }
    },
    "node_modules/@typescript-eslint/typescript-estree/node_modules/brace-expansion": {
      "version": "2.0.2",
      "dev": true,
      "license": "MIT",
      "dependencies": {
        "balanced-match": "^1.0.0"
      }
    },
    "node_modules/@typescript-eslint/typescript-estree/node_modules/minimatch": {
      "version": "9.0.5",
      "dev": true,
      "license": "ISC",
      "dependencies": {
        "brace-expansion": "^2.0.1"
      },
      "engines": {
        "node": ">=16 || 14 >=14.17"
      },
      "funding": {
        "url": "https://github.com/sponsors/isaacs"
      }
    },
    "node_modules/@typescript-eslint/utils": {
      "version": "8.40.0",
      "dev": true,
      "license": "MIT",
      "dependencies": {
        "@eslint-community/eslint-utils": "^4.7.0",
        "@typescript-eslint/scope-manager": "8.40.0",
        "@typescript-eslint/types": "8.40.0",
        "@typescript-eslint/typescript-estree": "8.40.0"
      },
      "engines": {
        "node": "^18.18.0 || ^20.9.0 || >=21.1.0"
      },
      "funding": {
        "type": "opencollective",
        "url": "https://opencollective.com/typescript-eslint"
      },
      "peerDependencies": {
        "eslint": "^8.57.0 || ^9.0.0",
        "typescript": ">=4.8.4 <6.0.0"
      }
    },
    "node_modules/@typescript-eslint/visitor-keys": {
      "version": "8.40.0",
      "dev": true,
      "license": "MIT",
      "dependencies": {
        "@typescript-eslint/types": "8.40.0",
        "eslint-visitor-keys": "^4.2.1"
      },
      "engines": {
        "node": "^18.18.0 || ^20.9.0 || >=21.1.0"
      },
      "funding": {
        "type": "opencollective",
        "url": "https://opencollective.com/typescript-eslint"
      }
    },
    "node_modules/acorn": {
      "version": "8.15.0",
      "license": "MIT",
      "bin": {
        "acorn": "bin/acorn"
      },
      "engines": {
        "node": ">=0.4.0"
      }
    },
    "node_modules/acorn-jsx": {
      "version": "5.3.2",
      "license": "MIT",
      "peerDependencies": {
        "acorn": "^6.0.0 || ^7.0.0 || ^8.0.0"
      }
    },
    "node_modules/ajv": {
      "version": "6.12.6",
      "license": "MIT",
      "dependencies": {
        "fast-deep-equal": "^3.1.1",
        "fast-json-stable-stringify": "^2.0.0",
        "json-schema-traverse": "^0.4.1",
        "uri-js": "^4.2.2"
      },
      "funding": {
        "type": "github",
        "url": "https://github.com/sponsors/epoberezkin"
      }
    },
    "node_modules/ansi-styles": {
      "version": "4.3.0",
      "license": "MIT",
      "dependencies": {
        "color-convert": "^2.0.1"
      },
      "engines": {
        "node": ">=8"
      },
      "funding": {
        "url": "https://github.com/chalk/ansi-styles?sponsor=1"
      }
    },
    "node_modules/argparse": {
      "version": "2.0.1",
      "license": "Python-2.0"
    },
    "node_modules/balanced-match": {
      "version": "1.0.2",
      "license": "MIT"
    },
    "node_modules/brace-expansion": {
      "version": "1.1.12",
      "license": "MIT",
      "dependencies": {
        "balanced-match": "^1.0.0",
        "concat-map": "0.0.1"
      }
    },
    "node_modules/braces": {
      "version": "3.0.3",
      "dev": true,
      "license": "MIT",
      "dependencies": {
        "fill-range": "^7.1.1"
      },
      "engines": {
        "node": ">=8"
      }
    },
    "node_modules/callsites": {
      "version": "3.1.0",
      "license": "MIT",
      "engines": {
        "node": ">=6"
      }
    },
    "node_modules/chalk": {
      "version": "4.1.2",
      "license": "MIT",
      "dependencies": {
        "ansi-styles": "^4.1.0",
        "supports-color": "^7.1.0"
      },
      "engines": {
        "node": ">=10"
      },
      "funding": {
        "url": "https://github.com/chalk/chalk?sponsor=1"
      }
    },
    "node_modules/color-convert": {
      "version": "2.0.1",
      "license": "MIT",
      "dependencies": {
        "color-name": "~1.1.4"
      },
      "engines": {
        "node": ">=7.0.0"
      }
    },
    "node_modules/color-name": {
      "version": "1.1.4",
      "license": "MIT"
    },
    "node_modules/concat-map": {
      "version": "0.0.1",
      "license": "MIT"
    },
    "node_modules/cross-spawn": {
      "version": "7.0.6",
      "license": "MIT",
      "dependencies": {
        "path-key": "^3.1.0",
        "shebang-command": "^2.0.0",
        "which": "^2.0.1"
      },
      "engines": {
        "node": ">= 8"
      }
    },
    "node_modules/debug": {
      "version": "4.4.1",
      "license": "MIT",
      "dependencies": {
        "ms": "^2.1.3"
      },
      "engines": {
        "node": ">=6.0"
      },
      "peerDependenciesMeta": {
        "supports-color": {
          "optional": true
        }
      }
    },
    "node_modules/deep-is": {
      "version": "0.1.4",
      "license": "MIT"
    },
    "node_modules/escape-string-regexp": {
      "version": "4.0.0",
      "license": "MIT",
      "engines": {
        "node": ">=10"
      },
      "funding": {
        "url": "https://github.com/sponsors/sindresorhus"
      }
    },
    "node_modules/eslint": {
      "version": "9.30.1",
      "license": "MIT",
      "dependencies": {
        "@eslint-community/eslint-utils": "^4.2.0",
        "@eslint-community/regexpp": "^4.12.1",
        "@eslint/config-array": "^0.21.0",
        "@eslint/config-helpers": "^0.3.0",
        "@eslint/core": "^0.14.0",
        "@eslint/eslintrc": "^3.3.1",
        "@eslint/js": "9.30.1",
        "@eslint/plugin-kit": "^0.3.1",
        "@humanfs/node": "^0.16.6",
        "@humanwhocodes/module-importer": "^1.0.1",
        "@humanwhocodes/retry": "^0.4.2",
        "@types/estree": "^1.0.6",
        "@types/json-schema": "^7.0.15",
        "ajv": "^6.12.4",
        "chalk": "^4.0.0",
        "cross-spawn": "^7.0.6",
        "debug": "^4.3.2",
        "escape-string-regexp": "^4.0.0",
        "eslint-scope": "^8.4.0",
        "eslint-visitor-keys": "^4.2.1",
        "espree": "^10.4.0",
        "esquery": "^1.5.0",
        "esutils": "^2.0.2",
        "fast-deep-equal": "^3.1.3",
        "file-entry-cache": "^8.0.0",
        "find-up": "^5.0.0",
        "glob-parent": "^6.0.2",
        "ignore": "^5.2.0",
        "imurmurhash": "^0.1.4",
        "is-glob": "^4.0.0",
        "json-stable-stringify-without-jsonify": "^1.0.1",
        "lodash.merge": "^4.6.2",
        "minimatch": "^3.1.2",
        "natural-compare": "^1.4.0",
        "optionator": "^0.9.3"
      },
      "bin": {
        "eslint": "bin/eslint.js"
      },
      "engines": {
        "node": "^18.18.0 || ^20.9.0 || >=21.1.0"
      },
      "funding": {
        "url": "https://eslint.org/donate"
      },
      "peerDependencies": {
        "jiti": "*"
      },
      "peerDependenciesMeta": {
        "jiti": {
          "optional": true
        }
      }
    },
    "node_modules/eslint-scope": {
      "version": "8.4.0",
      "license": "BSD-2-Clause",
      "dependencies": {
        "esrecurse": "^4.3.0",
        "estraverse": "^5.2.0"
      },
      "engines": {
        "node": "^18.18.0 || ^20.9.0 || >=21.1.0"
      },
      "funding": {
        "url": "https://opencollective.com/eslint"
      }
    },
    "node_modules/eslint-visitor-keys": {
      "version": "4.2.1",
      "license": "Apache-2.0",
      "engines": {
        "node": "^18.18.0 || ^20.9.0 || >=21.1.0"
      },
      "funding": {
        "url": "https://opencollective.com/eslint"
      }
    },
    "node_modules/eslint/node_modules/@eslint/core": {
      "version": "0.14.0",
      "license": "Apache-2.0",
      "dependencies": {
        "@types/json-schema": "^7.0.15"
      },
      "engines": {
        "node": "^18.18.0 || ^20.9.0 || >=21.1.0"
      }
    },
    "node_modules/eslint/node_modules/@eslint/js": {
      "version": "9.30.1",
      "license": "MIT",
      "engines": {
        "node": "^18.18.0 || ^20.9.0 || >=21.1.0"
      },
      "funding": {
        "url": "https://eslint.org/donate"
      }
    },
    "node_modules/espree": {
      "version": "10.4.0",
      "license": "BSD-2-Clause",
      "dependencies": {
        "acorn": "^8.15.0",
        "acorn-jsx": "^5.3.2",
        "eslint-visitor-keys": "^4.2.1"
      },
      "engines": {
        "node": "^18.18.0 || ^20.9.0 || >=21.1.0"
      },
      "funding": {
        "url": "https://opencollective.com/eslint"
      }
    },
    "node_modules/esquery": {
      "version": "1.6.0",
      "license": "BSD-3-Clause",
      "dependencies": {
        "estraverse": "^5.1.0"
      },
      "engines": {
        "node": ">=0.10"
      }
    },
    "node_modules/esrecurse": {
      "version": "4.3.0",
      "license": "BSD-2-Clause",
      "dependencies": {
        "estraverse": "^5.2.0"
      },
      "engines": {
        "node": ">=4.0"
      }
    },
    "node_modules/estraverse": {
      "version": "5.3.0",
      "license": "BSD-2-Clause",
      "engines": {
        "node": ">=4.0"
      }
    },
    "node_modules/esutils": {
      "version": "2.0.3",
      "license": "BSD-2-Clause",
      "engines": {
        "node": ">=0.10.0"
      }
    },
    "node_modules/fast-deep-equal": {
      "version": "3.1.3",
      "license": "MIT"
    },
    "node_modules/fast-glob": {
      "version": "3.3.3",
      "dev": true,
      "license": "MIT",
      "dependencies": {
        "@nodelib/fs.stat": "^2.0.2",
        "@nodelib/fs.walk": "^1.2.3",
        "glob-parent": "^5.1.2",
        "merge2": "^1.3.0",
        "micromatch": "^4.0.8"
      },
      "engines": {
        "node": ">=8.6.0"
      }
    },
    "node_modules/fast-glob/node_modules/glob-parent": {
      "version": "5.1.2",
      "dev": true,
      "license": "ISC",
      "dependencies": {
        "is-glob": "^4.0.1"
      },
      "engines": {
        "node": ">= 6"
      }
    },
    "node_modules/fast-json-stable-stringify": {
      "version": "2.1.0",
      "license": "MIT"
    },
    "node_modules/fast-levenshtein": {
      "version": "2.0.6",
      "license": "MIT"
    },
    "node_modules/fastq": {
      "version": "1.19.1",
      "dev": true,
      "license": "ISC",
      "dependencies": {
        "reusify": "^1.0.4"
      }
    },
    "node_modules/file-entry-cache": {
      "version": "8.0.0",
      "license": "MIT",
      "dependencies": {
        "flat-cache": "^4.0.0"
      },
      "engines": {
        "node": ">=16.0.0"
      }
    },
    "node_modules/fill-range": {
      "version": "7.1.1",
      "dev": true,
      "license": "MIT",
      "dependencies": {
        "to-regex-range": "^5.0.1"
      },
      "engines": {
        "node": ">=8"
      }
    },
    "node_modules/find-up": {
      "version": "5.0.0",
      "license": "MIT",
      "dependencies": {
        "locate-path": "^6.0.0",
        "path-exists": "^4.0.0"
      },
      "engines": {
        "node": ">=10"
      },
      "funding": {
        "url": "https://github.com/sponsors/sindresorhus"
      }
    },
    "node_modules/flat-cache": {
      "version": "4.0.1",
      "license": "MIT",
      "dependencies": {
        "flatted": "^3.2.9",
        "keyv": "^4.5.4"
      },
      "engines": {
        "node": ">=16"
      }
    },
    "node_modules/flatted": {
      "version": "3.3.3",
      "license": "ISC"
    },
    "node_modules/glob-parent": {
      "version": "6.0.2",
      "license": "ISC",
      "dependencies": {
        "is-glob": "^4.0.3"
      },
      "engines": {
        "node": ">=10.13.0"
      }
    },
    "node_modules/globals": {
      "version": "14.0.0",
      "license": "MIT",
      "engines": {
        "node": ">=18"
      },
      "funding": {
        "url": "https://github.com/sponsors/sindresorhus"
      }
    },
    "node_modules/graphemer": {
      "version": "1.4.0",
      "dev": true,
      "license": "MIT"
    },
    "node_modules/has-flag": {
      "version": "4.0.0",
      "license": "MIT",
      "engines": {
        "node": ">=8"
      }
    },
    "node_modules/ignore": {
      "version": "5.3.2",
      "license": "MIT",
      "engines": {
        "node": ">= 4"
      }
    },
    "node_modules/import-fresh": {
      "version": "3.3.1",
      "license": "MIT",
      "dependencies": {
        "parent-module": "^1.0.0",
        "resolve-from": "^4.0.0"
      },
      "engines": {
        "node": ">=6"
      },
      "funding": {
        "url": "https://github.com/sponsors/sindresorhus"
      }
    },
    "node_modules/imurmurhash": {
      "version": "0.1.4",
      "license": "MIT",
      "engines": {
        "node": ">=0.8.19"
      }
    },
    "node_modules/is-extglob": {
      "version": "2.1.1",
      "license": "MIT",
      "engines": {
        "node": ">=0.10.0"
      }
    },
    "node_modules/is-glob": {
      "version": "4.0.3",
      "license": "MIT",
      "dependencies": {
        "is-extglob": "^2.1.1"
      },
      "engines": {
        "node": ">=0.10.0"
      }
    },
    "node_modules/is-number": {
      "version": "7.0.0",
      "dev": true,
      "license": "MIT",
      "engines": {
        "node": ">=0.12.0"
      }
    },
    "node_modules/isexe": {
      "version": "2.0.0",
      "license": "ISC"
    },
    "node_modules/jiti": {
      "version": "2.6.1",
      "license": "MIT",
      "optional": true,
      "peer": true,
      "bin": {
        "jiti": "lib/jiti-cli.mjs"
      }
    },
    "node_modules/js-yaml": {
      "version": "4.1.0",
      "license": "MIT",
      "dependencies": {
        "argparse": "^2.0.1"
      },
      "bin": {
        "js-yaml": "bin/js-yaml.js"
      }
    },
    "node_modules/json-buffer": {
      "version": "3.0.1",
      "license": "MIT"
    },
    "node_modules/json-schema-traverse": {
      "version": "0.4.1",
      "license": "MIT"
    },
    "node_modules/json-stable-stringify-without-jsonify": {
      "version": "1.0.1",
      "license": "MIT"
    },
    "node_modules/keyv": {
      "version": "4.5.4",
      "license": "MIT",
      "dependencies": {
        "json-buffer": "3.0.1"
      }
    },
    "node_modules/levn": {
      "version": "0.4.1",
      "license": "MIT",
      "dependencies": {
        "prelude-ls": "^1.2.1",
        "type-check": "~0.4.0"
      },
      "engines": {
        "node": ">= 0.8.0"
      }
    },
    "node_modules/locate-path": {
      "version": "6.0.0",
      "license": "MIT",
      "dependencies": {
        "p-locate": "^5.0.0"
      },
      "engines": {
        "node": ">=10"
      },
      "funding": {
        "url": "https://github.com/sponsors/sindresorhus"
      }
    },
    "node_modules/lodash.merge": {
      "version": "4.6.2",
      "license": "MIT"
    },
    "node_modules/merge2": {
      "version": "1.4.1",
      "dev": true,
      "license": "MIT",
      "engines": {
        "node": ">= 8"
      }
    },
    "node_modules/micromatch": {
      "version": "4.0.8",
      "dev": true,
      "license": "MIT",
      "dependencies": {
        "braces": "^3.0.3",
        "picomatch": "^2.3.1"
      },
      "engines": {
        "node": ">=8.6"
      }
    },
    "node_modules/minimatch": {
      "version": "3.1.2",
      "license": "ISC",
      "dependencies": {
        "brace-expansion": "^1.1.7"
      },
      "engines": {
        "node": "*"
      }
    },
    "node_modules/ms": {
      "version": "2.1.3",
      "license": "MIT"
    },
    "node_modules/natural-compare": {
      "version": "1.4.0",
      "license": "MIT"
    },
    "node_modules/optionator": {
      "version": "0.9.4",
      "license": "MIT",
      "dependencies": {
        "deep-is": "^0.1.3",
        "fast-levenshtein": "^2.0.6",
        "levn": "^0.4.1",
        "prelude-ls": "^1.2.1",
        "type-check": "^0.4.0",
        "word-wrap": "^1.2.5"
      },
      "engines": {
        "node": ">= 0.8.0"
      }
    },
    "node_modules/p-limit": {
      "version": "3.1.0",
      "license": "MIT",
      "dependencies": {
        "yocto-queue": "^0.1.0"
      },
      "engines": {
        "node": ">=10"
      },
      "funding": {
        "url": "https://github.com/sponsors/sindresorhus"
      }
    },
    "node_modules/p-locate": {
      "version": "5.0.0",
      "license": "MIT",
      "dependencies": {
        "p-limit": "^3.0.2"
      },
      "engines": {
        "node": ">=10"
      },
      "funding": {
        "url": "https://github.com/sponsors/sindresorhus"
      }
    },
    "node_modules/parent-module": {
      "version": "1.0.1",
      "license": "MIT",
      "dependencies": {
        "callsites": "^3.0.0"
      },
      "engines": {
        "node": ">=6"
      }
    },
    "node_modules/path-exists": {
      "version": "4.0.0",
      "license": "MIT",
      "engines": {
        "node": ">=8"
      }
    },
    "node_modules/path-key": {
      "version": "3.1.1",
      "license": "MIT",
      "engines": {
        "node": ">=8"
      }
    },
    "node_modules/picomatch": {
      "version": "2.3.1",
      "dev": true,
      "license": "MIT",
      "engines": {
        "node": ">=8.6"
      },
      "funding": {
        "url": "https://github.com/sponsors/jonschlinkert"
      }
    },
    "node_modules/prelude-ls": {
      "version": "1.2.1",
      "license": "MIT",
      "engines": {
        "node": ">= 0.8.0"
      }
    },
    "node_modules/queue-microtask": {
      "version": "1.2.3",
      "dev": true,
      "funding": [
        {
          "type": "github",
          "url": "https://github.com/sponsors/feross"
        },
        {
          "type": "patreon",
          "url": "https://www.patreon.com/feross"
        },
        {
          "type": "consulting",
          "url": "https://feross.org/support"
        }
      ],
      "license": "MIT"
    },
    "node_modules/resolve-from": {
      "version": "4.0.0",
      "license": "MIT",
      "engines": {
        "node": ">=4"
      }
    },
    "node_modules/reusify": {
      "version": "1.1.0",
      "dev": true,
      "license": "MIT",
      "engines": {
        "iojs": ">=1.0.0",
        "node": ">=0.10.0"
      }
    },
    "node_modules/run-parallel": {
      "version": "1.2.0",
      "dev": true,
      "funding": [
        {
          "type": "github",
          "url": "https://github.com/sponsors/feross"
        },
        {
          "type": "patreon",
          "url": "https://www.patreon.com/feross"
        },
        {
          "type": "consulting",
          "url": "https://feross.org/support"
        }
      ],
      "license": "MIT",
      "dependencies": {
        "queue-microtask": "^1.2.2"
      }
    },
    "node_modules/semver": {
      "version": "7.7.2",
      "dev": true,
      "license": "ISC",
      "bin": {
        "semver": "bin/semver.js"
      },
      "engines": {
        "node": ">=10"
      }
    },
    "node_modules/shebang-command": {
      "version": "2.0.0",
      "license": "MIT",
      "dependencies": {
        "shebang-regex": "^3.0.0"
      },
      "engines": {
        "node": ">=8"
      }
    },
    "node_modules/shebang-regex": {
      "version": "3.0.0",
      "license": "MIT",
      "engines": {
        "node": ">=8"
      }
    },
    "node_modules/strip-json-comments": {
      "version": "3.1.1",
      "license": "MIT",
      "engines": {
        "node": ">=8"
      },
      "funding": {
        "url": "https://github.com/sponsors/sindresorhus"
      }
    },
    "node_modules/supports-color": {
      "version": "7.2.0",
      "license": "MIT",
      "dependencies": {
        "has-flag": "^4.0.0"
      },
      "engines": {
        "node": ">=8"
      }
    },
    "node_modules/to-regex-range": {
      "version": "5.0.1",
      "dev": true,
      "license": "MIT",
      "dependencies": {
        "is-number": "^7.0.0"
      },
      "engines": {
        "node": ">=8.0"
      }
    },
    "node_modules/ts-api-utils": {
      "version": "2.1.0",
      "dev": true,
      "license": "MIT",
      "engines": {
        "node": ">=18.12"
      },
      "peerDependencies": {
        "typescript": ">=4.8.4"
      }
    },
    "node_modules/type-check": {
      "version": "0.4.0",
      "license": "MIT",
      "dependencies": {
        "prelude-ls": "^1.2.1"
      },
      "engines": {
        "node": ">= 0.8.0"
      }
    },
    "node_modules/typescript": {
      "version": "5.7.3",
      "dev": true,
      "license": "Apache-2.0",
      "peer": true,
      "bin": {
        "tsc": "bin/tsc",
        "tsserver": "bin/tsserver"
      },
      "engines": {
        "node": ">=14.17"
      }
    },
    "node_modules/uri-js": {
      "version": "4.4.1",
      "license": "BSD-2-Clause",
      "dependencies": {
        "punycode": "^2.1.0"
      }
    },
    "node_modules/uri-js/node_modules/punycode": {
      "version": "2.3.1",
      "license": "MIT",
      "engines": {
        "node": ">=6"
      }
    },
    "node_modules/which": {
      "version": "2.0.2",
      "license": "ISC",
      "dependencies": {
        "isexe": "^2.0.0"
      },
      "bin": {
        "node-which": "bin/node-which"
      },
      "engines": {
        "node": ">= 8"
      }
    },
    "node_modules/word-wrap": {
      "version": "1.2.5",
      "license": "MIT",
      "engines": {
        "node": ">=0.10.0"
      }
    },
    "node_modules/yocto-queue": {
      "version": "0.1.0",
      "license": "MIT",
      "engines": {
        "node": ">=10"
      },
      "funding": {
        "url": "https://github.com/sponsors/sindresorhus"
      }
    },
    "packages/cli": {
      "name": "@multiplayer-app/cli",
      "version": "1.3.36",
      "extraneous": true,
      "license": "MIT",
      "dependencies": {
        "jsonwebtoken": "9.0.3",
        "superagent": "10.1.0",
        "yargs": "16.0.3"
      },
      "bin": {
        "multiplayer-app-cli": "bin/multiplayer-app-cli"
      },
      "devDependencies": {
        "eslint": "9.30.1"
      },
      "engines": {
        "node": ">=18",
        "npm": ">=8"
      }
    },
    "packages/create-release": {
      "name": "@multiplayer-app/create-release",
      "version": "1.3.34",
      "extraneous": true,
      "license": "MIT",
      "dependencies": {
        "jsonwebtoken": "9.0.3",
        "superagent": "10.1.0",
        "yargs": "16.0.3"
      },
      "bin": {
        "create-deployment": "scripts/create-deployment-cli.js",
        "create-release": "scripts/create-release-cli.js"
      },
      "devDependencies": {
        "eslint": "9.30.1"
      },
      "engines": {
        "node": ">=18",
        "npm": ">=8"
      }
    },
    "packages/session-recorder-browser": {
      "name": "@multiplayer-app/session-recorder-browser",
      "version": "1.3.36",
      "extraneous": true,
      "license": "MIT",
      "dependencies": {
        "@multiplayer-app/session-recorder-common": "1.3.36",
        "@opentelemetry/auto-instrumentations-web": "0.49.0",
        "@opentelemetry/context-zone": "2.0.1",
        "@opentelemetry/core": "2.0.1",
        "@opentelemetry/exporter-trace-otlp-http": "0.203.0",
        "@opentelemetry/instrumentation": "0.203.0",
        "@opentelemetry/otlp-exporter-base": "0.203.0",
        "@opentelemetry/otlp-transformer": "0.203.0",
        "@opentelemetry/resources": "2.0.1",
        "@opentelemetry/sdk-trace-base": "2.0.1",
        "@opentelemetry/sdk-trace-web": "2.0.1",
        "@opentelemetry/semantic-conventions": "1.36.0",
        "@rrweb/packer": "2.0.0-alpha.15",
        "@rrweb/rrweb-plugin-console-record": "2.0.0-alpha.15",
        "dompurify": "3.2.5",
        "lib0": "0.2.82",
        "rrweb": "2.0.0-alpha.15",
        "socket.io-client": "4.7.5",
        "to-json-schema": "^0.2.5"
      },
      "devDependencies": {
        "browserify": "17.0.1",
        "clean-webpack-plugin": "4.0.0",
        "css-loader": "6.0.0",
        "css-minimizer-webpack-plugin": "7.0.0",
        "eslint": "8.48.0",
        "mini-css-extract-plugin": "2.9.1",
        "sass": "^1.79.4",
        "sass-loader": "16.0.2",
        "style-loader": "3.0.0",
        "terser-webpack-plugin": "5.3.10",
        "ts-loader": "9.5.1",
        "typescript": "5.7.3",
        "webpack": "5.95.0",
        "webpack-bundle-analyzer": "4.10.2",
        "webpack-cli": "5.1.4"
      },
      "engines": {
        "node": ">=18",
        "npm": ">=8"
      },
      "peerDependencies": {
        "@opentelemetry/api": "^1.9.0"
      }
    },
    "packages/session-recorder-common": {
      "name": "@multiplayer-app/session-recorder-common",
      "version": "1.3.36",
      "extraneous": true,
      "license": "MIT",
      "dependencies": {
        "@opentelemetry/core": "^2.0.1",
        "@opentelemetry/exporter-logs-otlp-http": "^0.203.0",
        "@opentelemetry/exporter-logs-otlp-proto": "^0.203.0",
        "@opentelemetry/exporter-trace-otlp-http": "^0.203.0",
        "@opentelemetry/exporter-trace-otlp-proto": "^0.203.0",
        "@opentelemetry/otlp-exporter-base": "^0.203.0",
        "@opentelemetry/otlp-transformer": "^0.203.0",
        "@opentelemetry/resources": "^2.0.1",
        "@opentelemetry/sdk-trace-base": "^2.0.1",
        "@opentelemetry/semantic-conventions": "^1.36.0",
        "to-json-schema": "^0.2.5"
      },
      "devDependencies": {
        "@types/to-json-schema": "0.2.4",
        "typescript": "5.8.3"
      },
      "engines": {
        "node": ">=18",
        "npm": ">=8"
      },
      "peerDependencies": {
        "@opentelemetry/api": "^1.9.0"
      }
    },
    "packages/session-recorder-node": {
      "name": "@multiplayer-app/session-recorder-node",
      "version": "1.3.36",
      "extraneous": true,
      "license": "MIT",
      "dependencies": {
        "@multiplayer-app/session-recorder-common": "1.3.36",
        "@opentelemetry/api": "^1.9.0",
        "@opentelemetry/core": "^2.0.1",
        "@opentelemetry/otlp-exporter-base": "^0.203.0",
        "@opentelemetry/otlp-transformer": "^0.203.0",
        "@opentelemetry/sdk-trace-base": "^2.0.1",
        "axios": "^1.10.0",
        "to-json-schema": "^0.2.5"
      },
      "devDependencies": {
        "@types/node": "24.0.12",
        "typescript": "5.8.3"
      },
      "engines": {
        "node": ">=18",
        "npm": ">=8"
      }
    },
    "packages/session-recorder-react": {
      "name": "@multiplayer-app/session-recorder-react",
      "version": "1.3.36",
      "extraneous": true,
      "license": "MIT",
      "dependencies": {
        "@multiplayer-app/session-recorder-browser": "1.3.36",
        "@multiplayer-app/session-recorder-common": "1.3.36"
      },
      "devDependencies": {
        "@types/react": "^18.2.66",
        "eslint": "8.48.0",
        "typescript": "5.7.3"
      },
      "peerDependencies": {
        "@opentelemetry/api": "^1.9.0",
        "react": ">=17",
        "react-dom": ">=17"
      }
    },
    "packages/session-recorder-react-native": {
      "name": "@multiplayer-app/session-recorder-react-native",
      "version": "1.3.36",
      "extraneous": true,
      "license": "MIT",
      "workspaces": [
        "example"
      ],
      "dependencies": {
        "@multiplayer-app/session-recorder-common": "1.3.36",
        "@opentelemetry/core": "2.0.1",
        "@opentelemetry/exporter-trace-otlp-http": "0.203.0",
        "@opentelemetry/instrumentation": "0.203.0",
        "@opentelemetry/instrumentation-fetch": "0.203.0",
        "@opentelemetry/instrumentation-xml-http-request": "0.203.0",
        "@opentelemetry/otlp-exporter-base": "0.203.0",
        "@opentelemetry/otlp-transformer": "0.203.0",
        "@opentelemetry/resources": "2.0.1",
        "@opentelemetry/sdk-trace-base": "2.0.1",
        "@opentelemetry/semantic-conventions": "1.36.0",
        "@react-native-async-storage/async-storage": "^1.21.0",
        "@react-native-community/netinfo": "^11.1.0",
        "@rrweb/types": "^2.0.0-alpha.18",
        "lib0": "0.2.82",
        "react-native-reanimated": "^4.1.1",
        "react-native-view-shot": "^4.0.3",
        "socket.io-client": "4.7.5"
      },
      "devDependencies": {
        "@commitlint/config-conventional": "^19.8.1",
        "@eslint/compat": "^1.3.2",
        "@eslint/eslintrc": "^3.3.1",
        "@eslint/js": "^9.35.0",
        "@evilmartians/lefthook": "^1.12.3",
        "@opentelemetry/api": "^1.9.0",
        "@react-native-community/cli": "20.0.1",
        "@react-native/babel-preset": "0.81.1",
        "@react-native/eslint-config": "^0.81.1",
        "@release-it/conventional-changelog": "^10.0.1",
        "@types/jest": "^29.5.14",
        "@types/react": "^19.1.0",
        "commitlint": "^19.8.1",
        "del-cli": "^6.0.0",
        "eslint": "^9.35.0",
        "eslint-config-prettier": "^10.1.8",
        "eslint-plugin-prettier": "^5.5.4",
        "jest": "^29.7.0",
        "prettier": "^3.6.2",
        "react": "19.1.0",
        "react-native": "0.81.1",
        "react-native-builder-bob": "^0.40.13",
        "react-native-safe-area-context": "^5.6.1",
        "react-native-svg": "^15.14.0",
        "release-it": "^19.0.4",
        "turbo": "^2.5.6",
        "typescript": "^5.9.2"
      },
      "peerDependencies": {
        "@opentelemetry/api": "*",
        "expo-constants": "*",
        "react": "*",
        "react-native": "*",
        "react-native-safe-area-context": "*",
        "react-native-svg": "*"
      }
    }
  }
}
